
Microsoft Visual Studio Solution File, Format Version 12.00
# Visual Studio 15
VisualStudioVersion = 15.0.26228.10
MinimumVisualStudioVersion = 10.0.40219.1
Project("{D954291E-2A0B-460D-934E-DC6B0785DB48}") = "Game", "Game\Game\Game.shproj", "{2BADF779-C3ED-4B3E-B1CC-9EA234B1F4BA}"
EndProject
Project("{FAE04EC0-301F-11D3-BF4B-00C04F79EFBC}") = "Game.Android", "Game\Game.Android\Game.Android.csproj", "{C93AB8F8-5BBB-4698-A882-A6CE7301F83D}"
EndProject
Project("{FAE04EC0-301F-11D3-BF4B-00C04F79EFBC}") = "Game.iOS", "Game\Game.iOS\Game.iOS.csproj", "{C94154BB-CC02-4C46-BD1D-F58482E4D7B7}"
EndProject
Project("{FAE04EC0-301F-11D3-BF4B-00C04F79EFBC}") = "Game.UWP", "Game\Game.UWP\Game.UWP.csproj", "{27D5B5F3-BC04-4A50-8063-FDD334AE69FB}"
EndProject
Global
	GlobalSection(SharedMSBuildProjectFiles) = preSolution
		Game\Game\Game.projitems*{27d5b5f3-bc04-4a50-8063-fdd334ae69fb}*SharedItemsImports = 4
		Game\Game\Game.projitems*{2badf779-c3ed-4b3e-b1cc-9ea234b1f4ba}*SharedItemsImports = 13
		Game\Game\Game.projitems*{c93ab8f8-5bbb-4698-a882-a6ce7301f83d}*SharedItemsImports = 4
		Game\Game\Game.projitems*{c94154bb-cc02-4c46-bd1d-f58482e4d7b7}*SharedItemsImports = 4
	EndGlobalSection
	GlobalSection(SolutionConfigurationPlatforms) = preSolution
		Ad-Hoc|Any CPU = Ad-Hoc|Any CPU
		Ad-Hoc|ARM = Ad-Hoc|ARM
		Ad-Hoc|iPhone = Ad-Hoc|iPhone
		Ad-Hoc|iPhoneSimulator = Ad-Hoc|iPhoneSimulator
		Ad-Hoc|x64 = Ad-Hoc|x64
		Ad-Hoc|x86 = Ad-Hoc|x86
		AppStore|Any CPU = AppStore|Any CPU
		AppStore|ARM = AppStore|ARM
		AppStore|iPhone = AppStore|iPhone
		AppStore|iPhoneSimulator = AppStore|iPhoneSimulator
		AppStore|x64 = AppStore|x64
		AppStore|x86 = AppStore|x86
		Debug|Any CPU = Debug|Any CPU
		Debug|ARM = Debug|ARM
		Debug|iPhone = Debug|iPhone
		Debug|iPhoneSimulator = Debug|iPhoneSimulator
		Debug|x64 = Debug|x64
		Debug|x86 = Debug|x86
		Release|Any CPU = Release|Any CPU
		Release|ARM = Release|ARM
		Release|iPhone = Release|iPhone
		Release|iPhoneSimulator = Release|iPhoneSimulator
		Release|x64 = Release|x64
		Release|x86 = Release|x86
	EndGlobalSection
	GlobalSection(ProjectConfigurationPlatforms) = postSolution
		{C93AB8F8-5BBB-4698-A882-A6CE7301F83D}.Ad-Hoc|Any CPU.ActiveCfg = Release|Any CPU
		{C93AB8F8-5BBB-4698-A882-A6CE7301F83D}.Ad-Hoc|Any CPU.Build.0 = Release|Any CPU
		{C93AB8F8-5BBB-4698-A882-A6CE7301F83D}.Ad-Hoc|Any CPU.Deploy.0 = Release|Any CPU
		{C93AB8F8-5BBB-4698-A882-A6CE7301F83D}.Ad-Hoc|ARM.ActiveCfg = Release|Any CPU
		{C93AB8F8-5BBB-4698-A882-A6CE7301F83D}.Ad-Hoc|ARM.Build.0 = Release|Any CPU
		{C93AB8F8-5BBB-4698-A882-A6CE7301F83D}.Ad-Hoc|ARM.Deploy.0 = Release|Any CPU
		{C93AB8F8-5BBB-4698-A882-A6CE7301F83D}.Ad-Hoc|iPhone.ActiveCfg = Release|Any CPU
		{C93AB8F8-5BBB-4698-A882-A6CE7301F83D}.Ad-Hoc|iPhone.Build.0 = Release|Any CPU
		{C93AB8F8-5BBB-4698-A882-A6CE7301F83D}.Ad-Hoc|iPhone.Deploy.0 = Release|Any CPU
		{C93AB8F8-5BBB-4698-A882-A6CE7301F83D}.Ad-Hoc|iPhoneSimulator.ActiveCfg = Release|Any CPU
		{C93AB8F8-5BBB-4698-A882-A6CE7301F83D}.Ad-Hoc|iPhoneSimulator.Build.0 = Release|Any CPU
		{C93AB8F8-5BBB-4698-A882-A6CE7301F83D}.Ad-Hoc|iPhoneSimulator.Deploy.0 = Release|Any CPU
		{C93AB8F8-5BBB-4698-A882-A6CE7301F83D}.Ad-Hoc|x64.ActiveCfg = Release|Any CPU
		{C93AB8F8-5BBB-4698-A882-A6CE7301F83D}.Ad-Hoc|x64.Build.0 = Release|Any CPU
		{C93AB8F8-5BBB-4698-A882-A6CE7301F83D}.Ad-Hoc|x64.Deploy.0 = Release|Any CPU
		{C93AB8F8-5BBB-4698-A882-A6CE7301F83D}.Ad-Hoc|x86.ActiveCfg = Release|Any CPU
		{C93AB8F8-5BBB-4698-A882-A6CE7301F83D}.Ad-Hoc|x86.Build.0 = Release|Any CPU
		{C93AB8F8-5BBB-4698-A882-A6CE7301F83D}.Ad-Hoc|x86.Deploy.0 = Release|Any CPU
		{C93AB8F8-5BBB-4698-A882-A6CE7301F83D}.AppStore|Any CPU.ActiveCfg = Release|Any CPU
		{C93AB8F8-5BBB-4698-A882-A6CE7301F83D}.AppStore|Any CPU.Build.0 = Release|Any CPU
		{C93AB8F8-5BBB-4698-A882-A6CE7301F83D}.AppStore|Any CPU.Deploy.0 = Release|Any CPU
		{C93AB8F8-5BBB-4698-A882-A6CE7301F83D}.AppStore|ARM.ActiveCfg = Release|Any CPU
		{C93AB8F8-5BBB-4698-A882-A6CE7301F83D}.AppStore|ARM.Build.0 = Release|Any CPU
		{C93AB8F8-5BBB-4698-A882-A6CE7301F83D}.AppStore|ARM.Deploy.0 = Release|Any CPU
		{C93AB8F8-5BBB-4698-A882-A6CE7301F83D}.AppStore|iPhone.ActiveCfg = Release|Any CPU
		{C93AB8F8-5BBB-4698-A882-A6CE7301F83D}.AppStore|iPhone.Build.0 = Release|Any CPU
		{C93AB8F8-5BBB-4698-A882-A6CE7301F83D}.AppStore|iPhone.Deploy.0 = Release|Any CPU
		{C93AB8F8-5BBB-4698-A882-A6CE7301F83D}.AppStore|iPhoneSimulator.ActiveCfg = Release|Any CPU
		{C93AB8F8-5BBB-4698-A882-A6CE7301F83D}.AppStore|iPhoneSimulator.Build.0 = Release|Any CPU
		{C93AB8F8-5BBB-4698-A882-A6CE7301F83D}.AppStore|iPhoneSimulator.Deploy.0 = Release|Any CPU
		{C93AB8F8-5BBB-4698-A882-A6CE7301F83D}.AppStore|x64.ActiveCfg = Release|Any CPU
		{C93AB8F8-5BBB-4698-A882-A6CE7301F83D}.AppStore|x64.Build.0 = Release|Any CPU
		{C93AB8F8-5BBB-4698-A882-A6CE7301F83D}.AppStore|x64.Deploy.0 = Release|Any CPU
		{C93AB8F8-5BBB-4698-A882-A6CE7301F83D}.AppStore|x86.ActiveCfg = Release|Any CPU
		{C93AB8F8-5BBB-4698-A882-A6CE7301F83D}.AppStore|x86.Build.0 = Release|Any CPU
		{C93AB8F8-5BBB-4698-A882-A6CE7301F83D}.AppStore|x86.Deploy.0 = Release|Any CPU
		{C93AB8F8-5BBB-4698-A882-A6CE7301F83D}.Debug|Any CPU.ActiveCfg = Debug|Any CPU
		{C93AB8F8-5BBB-4698-A882-A6CE7301F83D}.Debug|Any CPU.Build.0 = Debug|Any CPU
		{C93AB8F8-5BBB-4698-A882-A6CE7301F83D}.Debug|Any CPU.Deploy.0 = Debug|Any CPU
		{C93AB8F8-5BBB-4698-A882-A6CE7301F83D}.Debug|ARM.ActiveCfg = Debug|Any CPU
		{C93AB8F8-5BBB-4698-A882-A6CE7301F83D}.Debug|ARM.Build.0 = Debug|Any CPU
		{C93AB8F8-5BBB-4698-A882-A6CE7301F83D}.Debug|ARM.Deploy.0 = Debug|Any CPU
		{C93AB8F8-5BBB-4698-A882-A6CE7301F83D}.Debug|iPhone.ActiveCfg = Debug|Any CPU
		{C93AB8F8-5BBB-4698-A882-A6CE7301F83D}.Debug|iPhone.Build.0 = Debug|Any CPU
		{C93AB8F8-5BBB-4698-A882-A6CE7301F83D}.Debug|iPhone.Deploy.0 = Debug|Any CPU
		{C93AB8F8-5BBB-4698-A882-A6CE7301F83D}.Debug|iPhoneSimulator.ActiveCfg = Debug|Any CPU
		{C93AB8F8-5BBB-4698-A882-A6CE7301F83D}.Debug|iPhoneSimulator.Build.0 = Debug|Any CPU
		{C93AB8F8-5BBB-4698-A882-A6CE7301F83D}.Debug|iPhoneSimulator.Deploy.0 = Debug|Any CPU
		{C93AB8F8-5BBB-4698-A882-A6CE7301F83D}.Debug|x64.ActiveCfg = Debug|Any CPU
		{C93AB8F8-5BBB-4698-A882-A6CE7301F83D}.Debug|x64.Build.0 = Debug|Any CPU
		{C93AB8F8-5BBB-4698-A882-A6CE7301F83D}.Debug|x64.Deploy.0 = Debug|Any CPU
		{C93AB8F8-5BBB-4698-A882-A6CE7301F83D}.Debug|x86.ActiveCfg = Debug|Any CPU
		{C93AB8F8-5BBB-4698-A882-A6CE7301F83D}.Debug|x86.Build.0 = Debug|Any CPU
		{C93AB8F8-5BBB-4698-A882-A6CE7301F83D}.Debug|x86.Deploy.0 = Debug|Any CPU
		{C93AB8F8-5BBB-4698-A882-A6CE7301F83D}.Release|Any CPU.ActiveCfg = Release|Any CPU
		{C93AB8F8-5BBB-4698-A882-A6CE7301F83D}.Release|Any CPU.Build.0 = Release|Any CPU
		{C93AB8F8-5BBB-4698-A882-A6CE7301F83D}.Release|Any CPU.Deploy.0 = Release|Any CPU
		{C93AB8F8-5BBB-4698-A882-A6CE7301F83D}.Release|ARM.ActiveCfg = Release|Any CPU
		{C93AB8F8-5BBB-4698-A882-A6CE7301F83D}.Release|ARM.Build.0 = Release|Any CPU
		{C93AB8F8-5BBB-4698-A882-A6CE7301F83D}.Release|ARM.Deploy.0 = Release|Any CPU
		{C93AB8F8-5BBB-4698-A882-A6CE7301F83D}.Release|iPhone.ActiveCfg = Release|Any CPU
		{C93AB8F8-5BBB-4698-A882-A6CE7301F83D}.Release|iPhone.Build.0 = Release|Any CPU
		{C93AB8F8-5BBB-4698-A882-A6CE7301F83D}.Release|iPhone.Deploy.0 = Release|Any CPU
		{C93AB8F8-5BBB-4698-A882-A6CE7301F83D}.Release|iPhoneSimulator.ActiveCfg = Release|Any CPU
		{C93AB8F8-5BBB-4698-A882-A6CE7301F83D}.Release|iPhoneSimulator.Build.0 = Release|Any CPU
		{C93AB8F8-5BBB-4698-A882-A6CE7301F83D}.Release|iPhoneSimulator.Deploy.0 = Release|Any CPU
		{C93AB8F8-5BBB-4698-A882-A6CE7301F83D}.Release|x64.ActiveCfg = Release|Any CPU
		{C93AB8F8-5BBB-4698-A882-A6CE7301F83D}.Release|x64.Build.0 = Release|Any CPU
		{C93AB8F8-5BBB-4698-A882-A6CE7301F83D}.Release|x64.Deploy.0 = Release|Any CPU
		{C93AB8F8-5BBB-4698-A882-A6CE7301F83D}.Release|x86.ActiveCfg = Release|Any CPU
		{C93AB8F8-5BBB-4698-A882-A6CE7301F83D}.Release|x86.Build.0 = Release|Any CPU
		{C93AB8F8-5BBB-4698-A882-A6CE7301F83D}.Release|x86.Deploy.0 = Release|Any CPU
		{C94154BB-CC02-4C46-BD1D-F58482E4D7B7}.Ad-Hoc|Any CPU.ActiveCfg = Ad-Hoc|iPhone
		{C94154BB-CC02-4C46-BD1D-F58482E4D7B7}.Ad-Hoc|ARM.ActiveCfg = Ad-Hoc|iPhone
		{C94154BB-CC02-4C46-BD1D-F58482E4D7B7}.Ad-Hoc|iPhone.ActiveCfg = Ad-Hoc|iPhone
		{C94154BB-CC02-4C46-BD1D-F58482E4D7B7}.Ad-Hoc|iPhone.Build.0 = Ad-Hoc|iPhone
		{C94154BB-CC02-4C46-BD1D-F58482E4D7B7}.Ad-Hoc|iPhoneSimulator.ActiveCfg = Ad-Hoc|iPhoneSimulator
		{C94154BB-CC02-4C46-BD1D-F58482E4D7B7}.Ad-Hoc|iPhoneSimulator.Build.0 = Ad-Hoc|iPhoneSimulator
		{C94154BB-CC02-4C46-BD1D-F58482E4D7B7}.Ad-Hoc|x64.ActiveCfg = Ad-Hoc|iPhone
		{C94154BB-CC02-4C46-BD1D-F58482E4D7B7}.Ad-Hoc|x86.ActiveCfg = Ad-Hoc|iPhone
		{C94154BB-CC02-4C46-BD1D-F58482E4D7B7}.AppStore|Any CPU.ActiveCfg = AppStore|iPhone
		{C94154BB-CC02-4C46-BD1D-F58482E4D7B7}.AppStore|ARM.ActiveCfg = AppStore|iPhone
		{C94154BB-CC02-4C46-BD1D-F58482E4D7B7}.AppStore|iPhone.ActiveCfg = AppStore|iPhone
		{C94154BB-CC02-4C46-BD1D-F58482E4D7B7}.AppStore|iPhone.Build.0 = AppStore|iPhone
		{C94154BB-CC02-4C46-BD1D-F58482E4D7B7}.AppStore|iPhoneSimulator.ActiveCfg = AppStore|iPhoneSimulator
		{C94154BB-CC02-4C46-BD1D-F58482E4D7B7}.AppStore|iPhoneSimulator.Build.0 = AppStore|iPhoneSimulator
		{C94154BB-CC02-4C46-BD1D-F58482E4D7B7}.AppStore|x64.ActiveCfg = AppStore|iPhone
		{C94154BB-CC02-4C46-BD1D-F58482E4D7B7}.AppStore|x86.ActiveCfg = AppStore|iPhone
		{C94154BB-CC02-4C46-BD1D-F58482E4D7B7}.Debug|Any CPU.ActiveCfg = Debug|iPhone
		{C94154BB-CC02-4C46-BD1D-F58482E4D7B7}.Debug|Any CPU.Build.0 = Debug|iPhone
		{C94154BB-CC02-4C46-BD1D-F58482E4D7B7}.Debug|ARM.ActiveCfg = Debug|iPhone
		{C94154BB-CC02-4C46-BD1D-F58482E4D7B7}.Debug|iPhone.ActiveCfg = Debug|iPhone
		{C94154BB-CC02-4C46-BD1D-F58482E4D7B7}.Debug|iPhone.Build.0 = Debug|iPhone
		{C94154BB-CC02-4C46-BD1D-F58482E4D7B7}.Debug|iPhoneSimulator.ActiveCfg = Debug|iPhoneSimulator
		{C94154BB-CC02-4C46-BD1D-F58482E4D7B7}.Debug|iPhoneSimulator.Build.0 = Debug|iPhoneSimulator
		{C94154BB-CC02-4C46-BD1D-F58482E4D7B7}.Debug|x64.ActiveCfg = Debug|iPhone
		{C94154BB-CC02-4C46-BD1D-F58482E4D7B7}.Debug|x86.ActiveCfg = Debug|iPhone
		{C94154BB-CC02-4C46-BD1D-F58482E4D7B7}.Release|Any CPU.ActiveCfg = Release|iPhone
		{C94154BB-CC02-4C46-BD1D-F58482E4D7B7}.Release|ARM.ActiveCfg = Release|iPhone
		{C94154BB-CC02-4C46-BD1D-F58482E4D7B7}.Release|iPhone.ActiveCfg = Release|iPhone
		{C94154BB-CC02-4C46-BD1D-F58482E4D7B7}.Release|iPhone.Build.0 = Release|iPhone
		{C94154BB-CC02-4C46-BD1D-F58482E4D7B7}.Release|iPhoneSimulator.ActiveCfg = Release|iPhoneSimulator
		{C94154BB-CC02-4C46-BD1D-F58482E4D7B7}.Release|iPhoneSimulator.Build.0 = Release|iPhoneSimulator
		{C94154BB-CC02-4C46-BD1D-F58482E4D7B7}.Release|x64.ActiveCfg = Release|iPhone
		{C94154BB-CC02-4C46-BD1D-F58482E4D7B7}.Release|x86.ActiveCfg = Release|iPhone
		{27D5B5F3-BC04-4A50-8063-FDD334AE69FB}.Ad-Hoc|Any CPU.ActiveCfg = Release|x86
		{27D5B5F3-BC04-4A50-8063-FDD334AE69FB}.Ad-Hoc|Any CPU.Build.0 = Release|x86
		{27D5B5F3-BC04-4A50-8063-FDD334AE69FB}.Ad-Hoc|Any CPU.Deploy.0 = Release|x86
		{27D5B5F3-BC04-4A50-8063-FDD334AE69FB}.Ad-Hoc|ARM.ActiveCfg = Release|ARM
		{27D5B5F3-BC04-4A50-8063-FDD334AE69FB}.Ad-Hoc|ARM.Build.0 = Release|ARM
		{27D5B5F3-BC04-4A50-8063-FDD334AE69FB}.Ad-Hoc|ARM.Deploy.0 = Release|ARM
		{27D5B5F3-BC04-4A50-8063-FDD334AE69FB}.Ad-Hoc|iPhone.ActiveCfg = Release|x86
		{27D5B5F3-BC04-4A50-8063-FDD334AE69FB}.Ad-Hoc|iPhone.Build.0 = Release|x86
		{27D5B5F3-BC04-4A50-8063-FDD334AE69FB}.Ad-Hoc|iPhone.Deploy.0 = Release|x86
		{27D5B5F3-BC04-4A50-8063-FDD334AE69FB}.Ad-Hoc|iPhoneSimulator.ActiveCfg = Release|x86
		{27D5B5F3-BC04-4A50-8063-FDD334AE69FB}.Ad-Hoc|iPhoneSimulator.Build.0 = Release|x86
		{27D5B5F3-BC04-4A50-8063-FDD334AE69FB}.Ad-Hoc|iPhoneSimulator.Deploy.0 = Release|x86
		{27D5B5F3-BC04-4A50-8063-FDD334AE69FB}.Ad-Hoc|x64.ActiveCfg = Release|x64
		{27D5B5F3-BC04-4A50-8063-FDD334AE69FB}.Ad-Hoc|x64.Build.0 = Release|x64
		{27D5B5F3-BC04-4A50-8063-FDD334AE69FB}.Ad-Hoc|x64.Deploy.0 = Release|x64
		{27D5B5F3-BC04-4A50-8063-FDD334AE69FB}.Ad-Hoc|x86.ActiveCfg = Release|x86
		{27D5B5F3-BC04-4A50-8063-FDD334AE69FB}.Ad-Hoc|x86.Build.0 = Release|x86
		{27D5B5F3-BC04-4A50-8063-FDD334AE69FB}.Ad-Hoc|x86.Deploy.0 = Release|x86
		{27D5B5F3-BC04-4A50-8063-FDD334AE69FB}.AppStore|Any CPU.ActiveCfg = Release|x86
		{27D5B5F3-BC04-4A50-8063-FDD334AE69FB}.AppStore|Any CPU.Build.0 = Release|x86
		{27D5B5F3-BC04-4A50-8063-FDD334AE69FB}.AppStore|Any CPU.Deploy.0 = Release|x86
		{27D5B5F3-BC04-4A50-8063-FDD334AE69FB}.AppStore|ARM.ActiveCfg = Release|ARM
		{27D5B5F3-BC04-4A50-8063-FDD334AE69FB}.AppStore|ARM.Build.0 = Release|ARM
		{27D5B5F3-BC04-4A50-8063-FDD334AE69FB}.AppStore|ARM.Deploy.0 = Release|ARM
		{27D5B5F3-BC04-4A50-8063-FDD334AE69FB}.AppStore|iPhone.ActiveCfg = Release|x86
		{27D5B5F3-BC04-4A50-8063-FDD334AE69FB}.AppStore|iPhone.Build.0 = Release|x86
		{27D5B5F3-BC04-4A50-8063-FDD334AE69FB}.AppStore|iPhone.Deploy.0 = Release|x86
		{27D5B5F3-BC04-4A50-8063-FDD334AE69FB}.AppStore|iPhoneSimulator.ActiveCfg = Release|x86
		{27D5B5F3-BC04-4A50-8063-FDD334AE69FB}.AppStore|iPhoneSimulator.Build.0 = Release|x86
		{27D5B5F3-BC04-4A50-8063-FDD334AE69FB}.AppStore|iPhoneSimulator.Deploy.0 = Release|x86
		{27D5B5F3-BC04-4A50-8063-FDD334AE69FB}.AppStore|x64.ActiveCfg = Release|x64
		{27D5B5F3-BC04-4A50-8063-FDD334AE69FB}.AppStore|x64.Build.0 = Release|x64
		{27D5B5F3-BC04-4A50-8063-FDD334AE69FB}.AppStore|x64.Deploy.0 = Release|x64
		{27D5B5F3-BC04-4A50-8063-FDD334AE69FB}.AppStore|x86.ActiveCfg = Release|x86
		{27D5B5F3-BC04-4A50-8063-FDD334AE69FB}.AppStore|x86.Build.0 = Release|x86
		{27D5B5F3-BC04-4A50-8063-FDD334AE69FB}.AppStore|x86.Deploy.0 = Release|x86
		{27D5B5F3-BC04-4A50-8063-FDD334AE69FB}.Debug|Any CPU.ActiveCfg = Debug|x86
		{27D5B5F3-BC04-4A50-8063-FDD334AE69FB}.Debug|Any CPU.Build.0 = Debug|x86
		{27D5B5F3-BC04-4A50-8063-FDD334AE69FB}.Debug|Any CPU.Deploy.0 = Debug|x86
		{27D5B5F3-BC04-4A50-8063-FDD334AE69FB}.Debug|ARM.ActiveCfg = Debug|ARM
		{27D5B5F3-BC04-4A50-8063-FDD334AE69FB}.Debug|ARM.Build.0 = Debug|ARM
		{27D5B5F3-BC04-4A50-8063-FDD334AE69FB}.Debug|ARM.Deploy.0 = Debug|ARM
		{27D5B5F3-BC04-4A50-8063-FDD334AE69FB}.Debug|iPhone.ActiveCfg = Debug|x86
		{27D5B5F3-BC04-4A50-8063-FDD334AE69FB}.Debug|iPhoneSimulator.ActiveCfg = Debug|x86
		{27D5B5F3-BC04-4A50-8063-FDD334AE69FB}.Debug|x64.ActiveCfg = Debug|x64
		{27D5B5F3-BC04-4A50-8063-FDD334AE69FB}.Debug|x64.Build.0 = Debug|x64
		{27D5B5F3-BC04-4A50-8063-FDD334AE69FB}.Debug|x64.Deploy.0 = Debug|x64
		{27D5B5F3-BC04-4A50-8063-FDD334AE69FB}.Debug|x86.ActiveCfg = Debug|x86
		{27D5B5F3-BC04-4A50-8063-FDD334AE69FB}.Debug|x86.Build.0 = Debug|x86
		{27D5B5F3-BC04-4A50-8063-FDD334AE69FB}.Debug|x86.Deploy.0 = Debug|x86
		{27D5B5F3-BC04-4A50-8063-FDD334AE69FB}.Release|Any CPU.ActiveCfg = Release|x86
		{27D5B5F3-BC04-4A50-8063-FDD334AE69FB}.Release|ARM.ActiveCfg = Release|ARM
		{27D5B5F3-BC04-4A50-8063-FDD334AE69FB}.Release|ARM.Build.0 = Release|ARM
		{27D5B5F3-BC04-4A50-8063-FDD334AE69FB}.Release|ARM.Deploy.0 = Release|ARM
		{27D5B5F3-BC04-4A50-8063-FDD334AE69FB}.Release|iPhone.ActiveCfg = Release|x86
		{27D5B5F3-BC04-4A50-8063-FDD334AE69FB}.Release|iPhoneSimulator.ActiveCfg = Release|x86
		{27D5B5F3-BC04-4A50-8063-FDD334AE69FB}.Release|x64.ActiveCfg = Release|x64
		{27D5B5F3-BC04-4A50-8063-FDD334AE69FB}.Release|x64.Build.0 = Release|x64
		{27D5B5F3-BC04-4A50-8063-FDD334AE69FB}.Release|x64.Deploy.0 = Release|x64
		{27D5B5F3-BC04-4A50-8063-FDD334AE69FB}.Release|x86.ActiveCfg = Release|x86
		{27D5B5F3-BC04-4A50-8063-FDD334AE69FB}.Release|x86.Build.0 = Release|x86
		{27D5B5F3-BC04-4A50-8063-FDD334AE69FB}.Release|x86.Deploy.0 = Release|x86
	EndGlobalSection
	GlobalSection(SolutionProperties) = preSolution
		HideSolutionNode = FALSE
	EndGlobalSection
EndGlobal
